# This file is automatically @generated by Cargo.
# It is not intended for manual editing.
version = 4

[[package]]
name = "either"
version = "1.13.0"
source = "registry+https://github.com/rust-lang/crates.io-index"
checksum = "60b1af1c220855b6ceac025d3f6ecdd2b7c4894bfe9cd9bda4fbb4bc7c0d4cf0"

[[package]]
name = "itertools"
version = "0.13.0"
source = "registry+https://github.com/rust-lang/crates.io-index"
checksum = "413ee7dfc52ee1a4949ceeb7dbc8a33f2d6c088194d9f922fb8318faf1f01186"
dependencies = [
 "either",
]

[[package]]
name = "lexical-core"
version = "1.0.2"
source = "registry+https://github.com/rust-lang/crates.io-index"
checksum = "0431c65b318a590c1de6b8fd6e72798c92291d27762d94c9e6c37ed7a73d8458"
dependencies = [
 "lexical-parse-float",
 "lexical-parse-integer",
 "lexical-util",
 "lexical-write-float",
 "lexical-write-integer",
]

[[package]]
name = "lexical-parse-float"
version = "1.0.2"
source = "registry+https://github.com/rust-lang/crates.io-index"
checksum = "eb17a4bdb9b418051aa59d41d65b1c9be5affab314a872e5ad7f06231fb3b4e0"
dependencies = [
 "lexical-parse-integer",
 "lexical-util",
 "static_assertions",
]

[[package]]
name = "lexical-parse-integer"
version = "1.0.2"
source = "registry+https://github.com/rust-lang/crates.io-index"
checksum = "5df98f4a4ab53bf8b175b363a34c7af608fe31f93cc1fb1bf07130622ca4ef61"
dependencies = [
 "lexical-util",
 "static_assertions",
]

[[package]]
name = "lexical-util"
version = "1.0.3"
source = "registry+https://github.com/rust-lang/crates.io-index"
checksum = "85314db53332e5c192b6bca611fb10c114a80d1b831ddac0af1e9be1b9232ca0"
dependencies = [
 "static_assertions",
]

[[package]]
name = "lexical-write-float"
version = "1.0.2"
source = "registry+https://github.com/rust-lang/crates.io-index"
checksum = "6e7c3ad4e37db81c1cbe7cf34610340adc09c322871972f74877a712abc6c809"
dependencies = [
 "lexical-util",
 "lexical-write-integer",
 "static_assertions",
]

[[package]]
name = "lexical-write-integer"
version = "1.0.2"
source = "registry+https://github.com/rust-lang/crates.io-index"
checksum = "eb89e9f6958b83258afa3deed90b5de9ef68eef090ad5086c791cd2345610162"
dependencies = [
 "lexical-util",
 "static_assertions",
]

[[package]]
name = "static_assertions"
version = "1.1.0"
source = "registry+https://github.com/rust-lang/crates.io-index"
checksum = "a2eb9349b6444b326872e140eb1cf5e7c522154d69e7a0ffb0fb81c06b37543f"

[[package]]
name = "year2024"
version = "0.1.0"
dependencies = [
 "itertools",
 "lexical-core",
]
